
Microsoft Visual Studio Solution File, Format Version 12.00
# Visual Studio Version 16
VisualStudioVersion = 16.0.33130.400
MinimumVisualStudioVersion = 10.0.40219.1
Project("{FAE04EC0-301F-11D3-BF4B-00C04F79EFBC}") = "Create SessionVariable on 1page Use on 2nd page", "Create SessionVariable on 1page Use on 2nd page.csproj", "{A20E2086-571B-44BF-997C-FBE4147C63BE}"
EndProject
Global
	GlobalSection(SolutionConfigurationPlatforms) = preSolution
		Debug|Any CPU = Debug|Any CPU
		Release|Any CPU = Release|Any CPU
	EndGlobalSection
	GlobalSection(ProjectConfigurationPlatforms) = postSolution
		{A20E2086-571B-44BF-997C-FBE4147C63BE}.Debug|Any CPU.ActiveCfg = Debug|Any CPU
		{A20E2086-571B-44BF-997C-FBE4147C63BE}.Debug|Any CPU.Build.0 = Debug|Any CPU
		{A20E2086-571B-44BF-997C-FBE4147C63BE}.Release|Any CPU.ActiveCfg = Release|Any CPU
		{A20E2086-571B-44BF-997C-FBE4147C63BE}.Release|Any CPU.Build.0 = Release|Any CPU
	EndGlobalSection
	GlobalSection(SolutionProperties) = preSolution
		HideSolutionNode = FALSE
	EndGlobalSection
	GlobalSection(ExtensibilityGlobals) = postSolution
		SolutionGuid = {E5D1F0F8-1160-4A69-9784-657B2B395E58}
	EndGlobalSection
EndGlobal
