
Microsoft Visual Studio Solution File, Format Version 12.00
# Visual Studio Version 16
VisualStudioVersion = 16.0.33130.400
MinimumVisualStudioVersion = 10.0.40219.1
Project("{FAE04EC0-301F-11D3-BF4B-00C04F79EFBC}") = "UsernamePassword", "UsernamePassword.csproj", "{8EC4F27A-B943-4FF2-B4FA-6FB2FDE1B371}"
EndProject
Global
	GlobalSection(SolutionConfigurationPlatforms) = preSolution
		Debug|Any CPU = Debug|Any CPU
		Release|Any CPU = Release|Any CPU
	EndGlobalSection
	GlobalSection(ProjectConfigurationPlatforms) = postSolution
		{8EC4F27A-B943-4FF2-B4FA-6FB2FDE1B371}.Debug|Any CPU.ActiveCfg = Debug|Any CPU
		{8EC4F27A-B943-4FF2-B4FA-6FB2FDE1B371}.Debug|Any CPU.Build.0 = Debug|Any CPU
		{8EC4F27A-B943-4FF2-B4FA-6FB2FDE1B371}.Release|Any CPU.ActiveCfg = Release|Any CPU
		{8EC4F27A-B943-4FF2-B4FA-6FB2FDE1B371}.Release|Any CPU.Build.0 = Release|Any CPU
	EndGlobalSection
	GlobalSection(SolutionProperties) = preSolution
		HideSolutionNode = FALSE
	EndGlobalSection
	GlobalSection(ExtensibilityGlobals) = postSolution
		SolutionGuid = {1A603FC2-2158-416E-9D6B-38645D3AB514}
	EndGlobalSection
EndGlobal
