
Microsoft Visual Studio Solution File, Format Version 12.00
# Visual Studio Version 16
VisualStudioVersion = 16.0.32901.82
MinimumVisualStudioVersion = 10.0.40219.1
Project("{FAE04EC0-301F-11D3-BF4B-00C04F79EFBC}") = "StudentRegistrationASP", "StudentRegistrationASP.csproj", "{A28218D8-5EC5-4243-826B-57EED8651609}"
EndProject
Global
	GlobalSection(SolutionConfigurationPlatforms) = preSolution
		Debug|Any CPU = Debug|Any CPU
		Release|Any CPU = Release|Any CPU
	EndGlobalSection
	GlobalSection(ProjectConfigurationPlatforms) = postSolution
		{A28218D8-5EC5-4243-826B-57EED8651609}.Debug|Any CPU.ActiveCfg = Debug|Any CPU
		{A28218D8-5EC5-4243-826B-57EED8651609}.Debug|Any CPU.Build.0 = Debug|Any CPU
		{A28218D8-5EC5-4243-826B-57EED8651609}.Release|Any CPU.ActiveCfg = Release|Any CPU
		{A28218D8-5EC5-4243-826B-57EED8651609}.Release|Any CPU.Build.0 = Release|Any CPU
	EndGlobalSection
	GlobalSection(SolutionProperties) = preSolution
		HideSolutionNode = FALSE
	EndGlobalSection
	GlobalSection(ExtensibilityGlobals) = postSolution
		SolutionGuid = {BDEBBAD0-EF63-49C8-885B-21DD309E75F0}
	EndGlobalSection
EndGlobal
