
Microsoft Visual Studio Solution File, Format Version 12.00
# Visual Studio Version 16
VisualStudioVersion = 16.0.32901.82
MinimumVisualStudioVersion = 10.0.40219.1
Project("{FAE04EC0-301F-11D3-BF4B-00C04F79EFBC}") = "CalenderExtender", "CalenderExtender.csproj", "{EB979B40-0DE4-47F0-ABA3-B140AD0D5192}"
EndProject
Global
	GlobalSection(SolutionConfigurationPlatforms) = preSolution
		Debug|Any CPU = Debug|Any CPU
		Release|Any CPU = Release|Any CPU
	EndGlobalSection
	GlobalSection(ProjectConfigurationPlatforms) = postSolution
		{EB979B40-0DE4-47F0-ABA3-B140AD0D5192}.Debug|Any CPU.ActiveCfg = Debug|Any CPU
		{EB979B40-0DE4-47F0-ABA3-B140AD0D5192}.Debug|Any CPU.Build.0 = Debug|Any CPU
		{EB979B40-0DE4-47F0-ABA3-B140AD0D5192}.Release|Any CPU.ActiveCfg = Release|Any CPU
		{EB979B40-0DE4-47F0-ABA3-B140AD0D5192}.Release|Any CPU.Build.0 = Release|Any CPU
	EndGlobalSection
	GlobalSection(SolutionProperties) = preSolution
		HideSolutionNode = FALSE
	EndGlobalSection
	GlobalSection(ExtensibilityGlobals) = postSolution
		SolutionGuid = {A29BE05B-BC71-4402-ABB6-2D289B223985}
	EndGlobalSection
EndGlobal
