
Microsoft Visual Studio Solution File, Format Version 12.00
# Visual Studio Version 16
VisualStudioVersion = 16.0.33130.400
MinimumVisualStudioVersion = 10.0.40219.1
Project("{FAE04EC0-301F-11D3-BF4B-00C04F79EFBC}") = "ComboBoxSelectedItemShow", "ComboBoxSelectedItemShow.csproj", "{4033D7A6-AF16-469E-99D5-6EFD48C6C56B}"
EndProject
Global
	GlobalSection(SolutionConfigurationPlatforms) = preSolution
		Debug|Any CPU = Debug|Any CPU
		Release|Any CPU = Release|Any CPU
	EndGlobalSection
	GlobalSection(ProjectConfigurationPlatforms) = postSolution
		{4033D7A6-AF16-469E-99D5-6EFD48C6C56B}.Debug|Any CPU.ActiveCfg = Debug|Any CPU
		{4033D7A6-AF16-469E-99D5-6EFD48C6C56B}.Debug|Any CPU.Build.0 = Debug|Any CPU
		{4033D7A6-AF16-469E-99D5-6EFD48C6C56B}.Release|Any CPU.ActiveCfg = Release|Any CPU
		{4033D7A6-AF16-469E-99D5-6EFD48C6C56B}.Release|Any CPU.Build.0 = Release|Any CPU
	EndGlobalSection
	GlobalSection(SolutionProperties) = preSolution
		HideSolutionNode = FALSE
	EndGlobalSection
	GlobalSection(ExtensibilityGlobals) = postSolution
		SolutionGuid = {104EE433-A7D3-4A64-9147-848991BF7332}
	EndGlobalSection
EndGlobal
