
Microsoft Visual Studio Solution File, Format Version 12.00
# Visual Studio Version 16
VisualStudioVersion = 16.0.33130.400
MinimumVisualStudioVersion = 10.0.40219.1
Project("{FAE04EC0-301F-11D3-BF4B-00C04F79EFBC}") = "Response Example", "Response Example.csproj", "{3A1F6706-FF60-4C05-B22B-441B37E18358}"
EndProject
Global
	GlobalSection(SolutionConfigurationPlatforms) = preSolution
		Debug|Any CPU = Debug|Any CPU
		Release|Any CPU = Release|Any CPU
	EndGlobalSection
	GlobalSection(ProjectConfigurationPlatforms) = postSolution
		{3A1F6706-FF60-4C05-B22B-441B37E18358}.Debug|Any CPU.ActiveCfg = Debug|Any CPU
		{3A1F6706-FF60-4C05-B22B-441B37E18358}.Debug|Any CPU.Build.0 = Debug|Any CPU
		{3A1F6706-FF60-4C05-B22B-441B37E18358}.Release|Any CPU.ActiveCfg = Release|Any CPU
		{3A1F6706-FF60-4C05-B22B-441B37E18358}.Release|Any CPU.Build.0 = Release|Any CPU
	EndGlobalSection
	GlobalSection(SolutionProperties) = preSolution
		HideSolutionNode = FALSE
	EndGlobalSection
	GlobalSection(ExtensibilityGlobals) = postSolution
		SolutionGuid = {226B90F3-1065-4109-9C6E-5357EAA1B24A}
	EndGlobalSection
EndGlobal
